<?xml version="1.0" encoding="utf-8"?>
<Project ToolsVersion="4.0" xmlns="http://schemas.microsoft.com/developer/msbuild/2003">
  <ItemGroup>
    <Filter Include="Source Files">
      <UniqueIdentifier>{4FC737F1-C7A5-4376-A066-2A32D752A2FF}</UniqueIdentifier>
      <Extensions>cpp;c;cc;cxx;def;odl;idl;hpj;bat;asm;asmx</Extensions>
    </Filter>
    <Filter Include="Header Files">
      <UniqueIdentifier>{93995380-89BD-4b04-88EB-625FBE52EBFB}</UniqueIdentifier>
      <Extensions>h;hh;hpp;hxx;hm;inl;inc;ipp;xsd</Extensions>
    </Filter>
    <Filter Include="Resource Files">
      <UniqueIdentifier>{67DA6AB6-F800-4c08-8B7A-83BB121AAD01}</UniqueIdentifier>
      <Extensions>rc;ico;cur;bmp;dlg;rc2;rct;bin;rgs;gif;jpg;jpeg;jpe;resx;tiff;tif;png;wav;mfcribbon-ms</Extensions>
    </Filter>
    <Filter Include="Source Files\Shaders">
      <UniqueIdentifier>{e4702bdd-8c33-42c2-aa86-a7919e3af448}</UniqueIdentifier>
    </Filter>
    <Filter Include="Source Files\Shaders\Vertex">
      <UniqueIdentifier>{6e9b160f-ac67-4221-88a4-e1c79731e0e2}</UniqueIdentifier>
    </Filter>
    <Filter Include="Source Files\Shaders\Fragment">
      <UniqueIdentifier>{afe81139-f812-4805-ac4f-16909dae7c1e}</UniqueIdentifier>
    </Filter>
  </ItemGroup>
  <ItemGroup>
    <ClCompile Include="Main.cpp">
      <Filter>Source Files</Filter>
    </ClCompile>
    <ClCompile Include="glad.c">
      <Filter>Source Files</Filter>
    </ClCompile>
    <ClCompile Include="Quad.cpp">
      <Filter>Source Files</Filter>
    </ClCompile>
    <ClCompile Include="Vector.cpp">
      <Filter>Source Files</Filter>
    </ClCompile>
    <ClCompile Include="CollisionPlane.cpp">
      <Filter>Source Files</Filter>
    </ClCompile>
    <ClCompile Include="Particle.cpp">
      <Filter>Source Files</Filter>
    </ClCompile>
    <ClCompile Include="ParticleContainer.cpp">
      <Filter>Source Files</Filter>
    </ClCompile>
  </ItemGroup>
  <ItemGroup>
    <None Include="caFragment.fs">
      <Filter>Source Files\Shaders\Fragment</Filter>
    </None>
    <None Include="colorFragment.fs">
      <Filter>Source Files\Shaders\Fragment</Filter>
    </None>
    <None Include="Fragment.fs">
      <Filter>Source Files\Shaders\Fragment</Filter>
    </None>
    <None Include="pctVertex.fs">
      <Filter>Source Files\Shaders\Vertex</Filter>
    </None>
    <None Include="pcVertex.fs">
      <Filter>Source Files\Shaders\Vertex</Filter>
    </None>
    <None Include="pVertex.fs">
      <Filter>Source Files\Shaders\Vertex</Filter>
    </None>
    <None Include="centerPositionVertex.fs">
      <Filter>Source Files\Shaders\Vertex</Filter>
    </None>
    <None Include="centerPositionFragment.fs">
      <Filter>Source Files\Shaders\Fragment</Filter>
    </None>
    <None Include="pvmCenterPositionVertex.fs">
      <Filter>Source Files\Shaders\Vertex</Filter>
    </None>
  </ItemGroup>
  <ItemGroup>
    <Image Include="squareAlphaTexture.png">
      <Filter>Resource Files</Filter>
    </Image>
    <Image Include="pixelCircle.png">
      <Filter>Resource Files</Filter>
    </Image>
  </ItemGroup>
  <ItemGroup>
    <ClInclude Include="Quad.h">
      <Filter>Header Files</Filter>
    </ClInclude>
    <ClInclude Include="Vector.h">
      <Filter>Header Files</Filter>
    </ClInclude>
    <ClInclude Include="CollisionPlane.h">
      <Filter>Header Files</Filter>
    </ClInclude>
    <ClInclude Include="ParticleContainer.h">
      <Filter>Header Files</Filter>
    </ClInclude>
    <ClInclude Include="Particle.h">
      <Filter>Header Files</Filter>
    </ClInclude>
    <ClInclude Include="SphereFuncs.h">
      <Filter>Header Files</Filter>
    </ClInclude>
  </ItemGroup>
</Project>